
Microsoft Visual Studio Solution File, Format Version 12.00
# Visual Studio 14
VisualStudioVersion = 14.0.24720.0
MinimumVisualStudioVersion = 10.0.40219.1
Project("{FAE04EC0-301F-11D3-BF4B-00C04F79EFBC}") = "Royalty", "Royalty\Royalty.csproj", "{A4CCE3C0-20EB-48DB-89A5-2F84C5F5D89E}"
EndProject
Project("{FAE04EC0-301F-11D3-BF4B-00C04F79EFBC}") = "RoyaltyRepository", "RoyaltyRepository\RoyaltyRepository.csproj", "{9FC94FDA-B3FB-441D-9BAA-40252DA7E067}"
EndProject
Project("{FAE04EC0-301F-11D3-BF4B-00C04F79EFBC}") = "RoyaltyRepositoryTest", "RoyaltyRepositoryTest\RoyaltyRepositoryTest.csproj", "{836DC197-C23B-40ED-BEA3-B702FD31AE1A}"
EndProject
Project("{2150E333-8FDC-42A3-9474-1A3956D46DE8}") = ".nuget", ".nuget", "{175BDE81-6E34-4185-B58D-A605F473609A}"
	ProjectSection(SolutionItems) = preProject
		.nuget\NuGet.Config = .nuget\NuGet.Config
		.nuget\NuGet.exe = .nuget\NuGet.exe
		.nuget\NuGet.targets = .nuget\NuGet.targets
	EndProjectSection
EndProject
Project("{FAE04EC0-301F-11D3-BF4B-00C04F79EFBC}") = "RoyaltyRepositoryTests", "RoyaltyRepositoryTests\RoyaltyRepositoryTests.csproj", "{827E3A72-5E15-4F76-82E6-FA9ECECCE174}"
EndProject
Project("{FAE04EC0-301F-11D3-BF4B-00C04F79EFBC}") = "RoyaltyDataCalculator", "RoyaltyDataCalculator\RoyaltyDataCalculator.csproj", "{39B6125A-3F96-4E77-B090-3BFB7C788423}"
EndProject
Project("{FAE04EC0-301F-11D3-BF4B-00C04F79EFBC}") = "WordsMatching", "WordsMatching\WordsMatching.csproj", "{CFFEA5F4-2374-4336-956B-F6EDB9E2FBF1}"
EndProject
Project("{FAE04EC0-301F-11D3-BF4B-00C04F79EFBC}") = "RoyaltyDataCalculatorTest", "RoyaltyDataCalculatorTest\RoyaltyDataCalculatorTest.csproj", "{8E028A84-E9AC-449D-B2A3-0D76ADDE48E6}"
EndProject
Project("{2150E333-8FDC-42A3-9474-1A3956D46DE8}") = "Solution Items", "Solution Items", "{D5FDF00B-AA79-4ED6-B3EC-321DECE18561}"
	ProjectSection(SolutionItems) = preProject
		Performance1.psess = Performance1.psess
	EndProjectSection
EndProject
Project("{FAE04EC0-301F-11D3-BF4B-00C04F79EFBC}") = "WordsMathingTest", "WordsMathingTest\WordsMathingTest.csproj", "{831859C8-234B-4C26-96E0-41256E8CDA72}"
EndProject
Project("{FAE04EC0-301F-11D3-BF4B-00C04F79EFBC}") = "EntityFramework.Utilities", "EntityFramework.Utilities\EntityFramework.Utilities.csproj", "{C3211BAC-13F0-42A7-924C-34BB0EE77914}"
EndProject
Project("{FAE04EC0-301F-11D3-BF4B-00C04F79EFBC}") = "RoyaltyWorker", "RoyaltyWorker\RoyaltyWorker.csproj", "{2DBAE28E-1239-451B-AB99-B0FE13B2FE74}"
EndProject
Project("{FAE04EC0-301F-11D3-BF4B-00C04F79EFBC}") = "RoyaltyFileStorage", "RoyaltyFileStorage\RoyaltyFileStorage.csproj", "{89AA1F08-470C-4E95-954B-8CF88B858DAC}"
EndProject
Project("{FAE04EC0-301F-11D3-BF4B-00C04F79EFBC}") = "RoyaltyFileStorage.Tests", "RoyaltyFileStorage.Tests\RoyaltyFileStorage.Tests.csproj", "{086196FF-2701-426B-9263-760104A64EF9}"
EndProject
Project("{FAE04EC0-301F-11D3-BF4B-00C04F79EFBC}") = "RoyaltyWorker.Tests", "RoyaltyWorker.Tests\RoyaltyWorker.Tests.csproj", "{F3493D01-75C8-4057-8CBD-AA9B0A3FCAFF}"
EndProject
Project("{FAE04EC0-301F-11D3-BF4B-00C04F79EFBC}") = "RoyaltyService", "RoyaltyService\RoyaltyService.csproj", "{B163EBC7-D5B1-4120-B3DD-5F0BB9EBEB7B}"
EndProject
Project("{FAE04EC0-301F-11D3-BF4B-00C04F79EFBC}") = "RoyaltyService.Tests", "RoyaltyService.Tests\RoyaltyService.Tests.csproj", "{01F80B87-FC0E-45F4-AC53-311FFDF59494}"
	ProjectSection(ProjectDependencies) = postProject
		{B163EBC7-D5B1-4120-B3DD-5F0BB9EBEB7B} = {B163EBC7-D5B1-4120-B3DD-5F0BB9EBEB7B}
	EndProjectSection
EndProject
Project("{FAE04EC0-301F-11D3-BF4B-00C04F79EFBC}") = "RoyaltyServiceWorker", "RoyaltyServiceWorker\RoyaltyServiceWorker.csproj", "{5BF39998-0C0E-425F-A899-2C081120E64A}"
	ProjectSection(ProjectDependencies) = postProject
		{B163EBC7-D5B1-4120-B3DD-5F0BB9EBEB7B} = {B163EBC7-D5B1-4120-B3DD-5F0BB9EBEB7B}
	EndProjectSection
EndProject
Global
	GlobalSection(Performance) = preSolution
		HasPerformanceSessions = true
	EndGlobalSection
	GlobalSection(SolutionConfigurationPlatforms) = preSolution
		Debug|Any CPU = Debug|Any CPU
		Debug|x64 = Debug|x64
		Debug|x86 = Debug|x86
		Release.x64|Any CPU = Release.x64|Any CPU
		Release.x64|x64 = Release.x64|x64
		Release.x64|x86 = Release.x64|x86
		Release.x86|Any CPU = Release.x86|Any CPU
		Release.x86|x64 = Release.x86|x64
		Release.x86|x86 = Release.x86|x86
		Release|Any CPU = Release|Any CPU
		Release|x64 = Release|x64
		Release|x86 = Release|x86
	EndGlobalSection
	GlobalSection(ProjectConfigurationPlatforms) = postSolution
		{A4CCE3C0-20EB-48DB-89A5-2F84C5F5D89E}.Debug|Any CPU.ActiveCfg = Debug|Any CPU
		{A4CCE3C0-20EB-48DB-89A5-2F84C5F5D89E}.Debug|Any CPU.Build.0 = Debug|Any CPU
		{A4CCE3C0-20EB-48DB-89A5-2F84C5F5D89E}.Debug|x64.ActiveCfg = Debug|Any CPU
		{A4CCE3C0-20EB-48DB-89A5-2F84C5F5D89E}.Debug|x64.Build.0 = Debug|Any CPU
		{A4CCE3C0-20EB-48DB-89A5-2F84C5F5D89E}.Debug|x86.ActiveCfg = Debug|Any CPU
		{A4CCE3C0-20EB-48DB-89A5-2F84C5F5D89E}.Debug|x86.Build.0 = Debug|Any CPU
		{A4CCE3C0-20EB-48DB-89A5-2F84C5F5D89E}.Release.x64|Any CPU.ActiveCfg = Release|Any CPU
		{A4CCE3C0-20EB-48DB-89A5-2F84C5F5D89E}.Release.x64|Any CPU.Build.0 = Release|Any CPU
		{A4CCE3C0-20EB-48DB-89A5-2F84C5F5D89E}.Release.x64|x64.ActiveCfg = Release|Any CPU
		{A4CCE3C0-20EB-48DB-89A5-2F84C5F5D89E}.Release.x64|x64.Build.0 = Release|Any CPU
		{A4CCE3C0-20EB-48DB-89A5-2F84C5F5D89E}.Release.x64|x86.ActiveCfg = Release|Any CPU
		{A4CCE3C0-20EB-48DB-89A5-2F84C5F5D89E}.Release.x64|x86.Build.0 = Release|Any CPU
		{A4CCE3C0-20EB-48DB-89A5-2F84C5F5D89E}.Release.x86|Any CPU.ActiveCfg = Release|Any CPU
		{A4CCE3C0-20EB-48DB-89A5-2F84C5F5D89E}.Release.x86|Any CPU.Build.0 = Release|Any CPU
		{A4CCE3C0-20EB-48DB-89A5-2F84C5F5D89E}.Release.x86|x64.ActiveCfg = Release|Any CPU
		{A4CCE3C0-20EB-48DB-89A5-2F84C5F5D89E}.Release.x86|x64.Build.0 = Release|Any CPU
		{A4CCE3C0-20EB-48DB-89A5-2F84C5F5D89E}.Release.x86|x86.ActiveCfg = Release|Any CPU
		{A4CCE3C0-20EB-48DB-89A5-2F84C5F5D89E}.Release.x86|x86.Build.0 = Release|Any CPU
		{A4CCE3C0-20EB-48DB-89A5-2F84C5F5D89E}.Release|Any CPU.ActiveCfg = Release|Any CPU
		{A4CCE3C0-20EB-48DB-89A5-2F84C5F5D89E}.Release|Any CPU.Build.0 = Release|Any CPU
		{A4CCE3C0-20EB-48DB-89A5-2F84C5F5D89E}.Release|x64.ActiveCfg = Release|Any CPU
		{A4CCE3C0-20EB-48DB-89A5-2F84C5F5D89E}.Release|x64.Build.0 = Release|Any CPU
		{A4CCE3C0-20EB-48DB-89A5-2F84C5F5D89E}.Release|x86.ActiveCfg = Release|Any CPU
		{A4CCE3C0-20EB-48DB-89A5-2F84C5F5D89E}.Release|x86.Build.0 = Release|Any CPU
		{9FC94FDA-B3FB-441D-9BAA-40252DA7E067}.Debug|Any CPU.ActiveCfg = Debug|Any CPU
		{9FC94FDA-B3FB-441D-9BAA-40252DA7E067}.Debug|Any CPU.Build.0 = Debug|Any CPU
		{9FC94FDA-B3FB-441D-9BAA-40252DA7E067}.Debug|x64.ActiveCfg = Debug|Any CPU
		{9FC94FDA-B3FB-441D-9BAA-40252DA7E067}.Debug|x64.Build.0 = Debug|Any CPU
		{9FC94FDA-B3FB-441D-9BAA-40252DA7E067}.Debug|x86.ActiveCfg = Debug|Any CPU
		{9FC94FDA-B3FB-441D-9BAA-40252DA7E067}.Debug|x86.Build.0 = Debug|Any CPU
		{9FC94FDA-B3FB-441D-9BAA-40252DA7E067}.Release.x64|Any CPU.ActiveCfg = Release|Any CPU
		{9FC94FDA-B3FB-441D-9BAA-40252DA7E067}.Release.x64|Any CPU.Build.0 = Release|Any CPU
		{9FC94FDA-B3FB-441D-9BAA-40252DA7E067}.Release.x64|x64.ActiveCfg = Release|Any CPU
		{9FC94FDA-B3FB-441D-9BAA-40252DA7E067}.Release.x64|x64.Build.0 = Release|Any CPU
		{9FC94FDA-B3FB-441D-9BAA-40252DA7E067}.Release.x64|x86.ActiveCfg = Release|Any CPU
		{9FC94FDA-B3FB-441D-9BAA-40252DA7E067}.Release.x64|x86.Build.0 = Release|Any CPU
		{9FC94FDA-B3FB-441D-9BAA-40252DA7E067}.Release.x86|Any CPU.ActiveCfg = Release|Any CPU
		{9FC94FDA-B3FB-441D-9BAA-40252DA7E067}.Release.x86|Any CPU.Build.0 = Release|Any CPU
		{9FC94FDA-B3FB-441D-9BAA-40252DA7E067}.Release.x86|x64.ActiveCfg = Release|Any CPU
		{9FC94FDA-B3FB-441D-9BAA-40252DA7E067}.Release.x86|x64.Build.0 = Release|Any CPU
		{9FC94FDA-B3FB-441D-9BAA-40252DA7E067}.Release.x86|x86.ActiveCfg = Release|Any CPU
		{9FC94FDA-B3FB-441D-9BAA-40252DA7E067}.Release.x86|x86.Build.0 = Release|Any CPU
		{9FC94FDA-B3FB-441D-9BAA-40252DA7E067}.Release|Any CPU.ActiveCfg = Release|Any CPU
		{9FC94FDA-B3FB-441D-9BAA-40252DA7E067}.Release|Any CPU.Build.0 = Release|Any CPU
		{9FC94FDA-B3FB-441D-9BAA-40252DA7E067}.Release|x64.ActiveCfg = Release|Any CPU
		{9FC94FDA-B3FB-441D-9BAA-40252DA7E067}.Release|x64.Build.0 = Release|Any CPU
		{9FC94FDA-B3FB-441D-9BAA-40252DA7E067}.Release|x86.ActiveCfg = Release|Any CPU
		{9FC94FDA-B3FB-441D-9BAA-40252DA7E067}.Release|x86.Build.0 = Release|Any CPU
		{836DC197-C23B-40ED-BEA3-B702FD31AE1A}.Debug|Any CPU.ActiveCfg = Debug|Any CPU
		{836DC197-C23B-40ED-BEA3-B702FD31AE1A}.Debug|Any CPU.Build.0 = Debug|Any CPU
		{836DC197-C23B-40ED-BEA3-B702FD31AE1A}.Debug|x64.ActiveCfg = Debug|Any CPU
		{836DC197-C23B-40ED-BEA3-B702FD31AE1A}.Debug|x64.Build.0 = Debug|Any CPU
		{836DC197-C23B-40ED-BEA3-B702FD31AE1A}.Debug|x86.ActiveCfg = Debug|Any CPU
		{836DC197-C23B-40ED-BEA3-B702FD31AE1A}.Debug|x86.Build.0 = Debug|Any CPU
		{836DC197-C23B-40ED-BEA3-B702FD31AE1A}.Release.x64|Any CPU.ActiveCfg = Release|Any CPU
		{836DC197-C23B-40ED-BEA3-B702FD31AE1A}.Release.x64|Any CPU.Build.0 = Release|Any CPU
		{836DC197-C23B-40ED-BEA3-B702FD31AE1A}.Release.x64|x64.ActiveCfg = Release|Any CPU
		{836DC197-C23B-40ED-BEA3-B702FD31AE1A}.Release.x64|x64.Build.0 = Release|Any CPU
		{836DC197-C23B-40ED-BEA3-B702FD31AE1A}.Release.x64|x86.ActiveCfg = Release|Any CPU
		{836DC197-C23B-40ED-BEA3-B702FD31AE1A}.Release.x64|x86.Build.0 = Release|Any CPU
		{836DC197-C23B-40ED-BEA3-B702FD31AE1A}.Release.x86|Any CPU.ActiveCfg = Release|Any CPU
		{836DC197-C23B-40ED-BEA3-B702FD31AE1A}.Release.x86|Any CPU.Build.0 = Release|Any CPU
		{836DC197-C23B-40ED-BEA3-B702FD31AE1A}.Release.x86|x64.ActiveCfg = Release|Any CPU
		{836DC197-C23B-40ED-BEA3-B702FD31AE1A}.Release.x86|x64.Build.0 = Release|Any CPU
		{836DC197-C23B-40ED-BEA3-B702FD31AE1A}.Release.x86|x86.ActiveCfg = Release|Any CPU
		{836DC197-C23B-40ED-BEA3-B702FD31AE1A}.Release.x86|x86.Build.0 = Release|Any CPU
		{836DC197-C23B-40ED-BEA3-B702FD31AE1A}.Release|Any CPU.ActiveCfg = Release|Any CPU
		{836DC197-C23B-40ED-BEA3-B702FD31AE1A}.Release|Any CPU.Build.0 = Release|Any CPU
		{836DC197-C23B-40ED-BEA3-B702FD31AE1A}.Release|x64.ActiveCfg = Release|Any CPU
		{836DC197-C23B-40ED-BEA3-B702FD31AE1A}.Release|x64.Build.0 = Release|Any CPU
		{836DC197-C23B-40ED-BEA3-B702FD31AE1A}.Release|x86.ActiveCfg = Release|Any CPU
		{836DC197-C23B-40ED-BEA3-B702FD31AE1A}.Release|x86.Build.0 = Release|Any CPU
		{827E3A72-5E15-4F76-82E6-FA9ECECCE174}.Debug|Any CPU.ActiveCfg = Debug|Any CPU
		{827E3A72-5E15-4F76-82E6-FA9ECECCE174}.Debug|Any CPU.Build.0 = Debug|Any CPU
		{827E3A72-5E15-4F76-82E6-FA9ECECCE174}.Debug|x64.ActiveCfg = Debug|Any CPU
		{827E3A72-5E15-4F76-82E6-FA9ECECCE174}.Debug|x64.Build.0 = Debug|Any CPU
		{827E3A72-5E15-4F76-82E6-FA9ECECCE174}.Debug|x86.ActiveCfg = Debug|Any CPU
		{827E3A72-5E15-4F76-82E6-FA9ECECCE174}.Debug|x86.Build.0 = Debug|Any CPU
		{827E3A72-5E15-4F76-82E6-FA9ECECCE174}.Release.x64|Any CPU.ActiveCfg = Release|Any CPU
		{827E3A72-5E15-4F76-82E6-FA9ECECCE174}.Release.x64|Any CPU.Build.0 = Release|Any CPU
		{827E3A72-5E15-4F76-82E6-FA9ECECCE174}.Release.x64|x64.ActiveCfg = Release|Any CPU
		{827E3A72-5E15-4F76-82E6-FA9ECECCE174}.Release.x64|x64.Build.0 = Release|Any CPU
		{827E3A72-5E15-4F76-82E6-FA9ECECCE174}.Release.x64|x86.ActiveCfg = Release|Any CPU
		{827E3A72-5E15-4F76-82E6-FA9ECECCE174}.Release.x64|x86.Build.0 = Release|Any CPU
		{827E3A72-5E15-4F76-82E6-FA9ECECCE174}.Release.x86|Any CPU.ActiveCfg = Release|Any CPU
		{827E3A72-5E15-4F76-82E6-FA9ECECCE174}.Release.x86|Any CPU.Build.0 = Release|Any CPU
		{827E3A72-5E15-4F76-82E6-FA9ECECCE174}.Release.x86|x64.ActiveCfg = Release|Any CPU
		{827E3A72-5E15-4F76-82E6-FA9ECECCE174}.Release.x86|x64.Build.0 = Release|Any CPU
		{827E3A72-5E15-4F76-82E6-FA9ECECCE174}.Release.x86|x86.ActiveCfg = Release|Any CPU
		{827E3A72-5E15-4F76-82E6-FA9ECECCE174}.Release.x86|x86.Build.0 = Release|Any CPU
		{827E3A72-5E15-4F76-82E6-FA9ECECCE174}.Release|Any CPU.ActiveCfg = Release|Any CPU
		{827E3A72-5E15-4F76-82E6-FA9ECECCE174}.Release|Any CPU.Build.0 = Release|Any CPU
		{827E3A72-5E15-4F76-82E6-FA9ECECCE174}.Release|x64.ActiveCfg = Release|Any CPU
		{827E3A72-5E15-4F76-82E6-FA9ECECCE174}.Release|x64.Build.0 = Release|Any CPU
		{827E3A72-5E15-4F76-82E6-FA9ECECCE174}.Release|x86.ActiveCfg = Release|Any CPU
		{827E3A72-5E15-4F76-82E6-FA9ECECCE174}.Release|x86.Build.0 = Release|Any CPU
		{39B6125A-3F96-4E77-B090-3BFB7C788423}.Debug|Any CPU.ActiveCfg = Debug|Any CPU
		{39B6125A-3F96-4E77-B090-3BFB7C788423}.Debug|Any CPU.Build.0 = Debug|Any CPU
		{39B6125A-3F96-4E77-B090-3BFB7C788423}.Debug|x64.ActiveCfg = Debug|Any CPU
		{39B6125A-3F96-4E77-B090-3BFB7C788423}.Debug|x64.Build.0 = Debug|Any CPU
		{39B6125A-3F96-4E77-B090-3BFB7C788423}.Debug|x86.ActiveCfg = Debug|Any CPU
		{39B6125A-3F96-4E77-B090-3BFB7C788423}.Debug|x86.Build.0 = Debug|Any CPU
		{39B6125A-3F96-4E77-B090-3BFB7C788423}.Release.x64|Any CPU.ActiveCfg = Release|Any CPU
		{39B6125A-3F96-4E77-B090-3BFB7C788423}.Release.x64|Any CPU.Build.0 = Release|Any CPU
		{39B6125A-3F96-4E77-B090-3BFB7C788423}.Release.x64|x64.ActiveCfg = Release|Any CPU
		{39B6125A-3F96-4E77-B090-3BFB7C788423}.Release.x64|x64.Build.0 = Release|Any CPU
		{39B6125A-3F96-4E77-B090-3BFB7C788423}.Release.x64|x86.ActiveCfg = Release|Any CPU
		{39B6125A-3F96-4E77-B090-3BFB7C788423}.Release.x64|x86.Build.0 = Release|Any CPU
		{39B6125A-3F96-4E77-B090-3BFB7C788423}.Release.x86|Any CPU.ActiveCfg = Release|Any CPU
		{39B6125A-3F96-4E77-B090-3BFB7C788423}.Release.x86|Any CPU.Build.0 = Release|Any CPU
		{39B6125A-3F96-4E77-B090-3BFB7C788423}.Release.x86|x64.ActiveCfg = Release|Any CPU
		{39B6125A-3F96-4E77-B090-3BFB7C788423}.Release.x86|x64.Build.0 = Release|Any CPU
		{39B6125A-3F96-4E77-B090-3BFB7C788423}.Release.x86|x86.ActiveCfg = Release|Any CPU
		{39B6125A-3F96-4E77-B090-3BFB7C788423}.Release.x86|x86.Build.0 = Release|Any CPU
		{39B6125A-3F96-4E77-B090-3BFB7C788423}.Release|Any CPU.ActiveCfg = Release|Any CPU
		{39B6125A-3F96-4E77-B090-3BFB7C788423}.Release|Any CPU.Build.0 = Release|Any CPU
		{39B6125A-3F96-4E77-B090-3BFB7C788423}.Release|x64.ActiveCfg = Release|Any CPU
		{39B6125A-3F96-4E77-B090-3BFB7C788423}.Release|x64.Build.0 = Release|Any CPU
		{39B6125A-3F96-4E77-B090-3BFB7C788423}.Release|x86.ActiveCfg = Release|Any CPU
		{39B6125A-3F96-4E77-B090-3BFB7C788423}.Release|x86.Build.0 = Release|Any CPU
		{CFFEA5F4-2374-4336-956B-F6EDB9E2FBF1}.Debug|Any CPU.ActiveCfg = Debug|Any CPU
		{CFFEA5F4-2374-4336-956B-F6EDB9E2FBF1}.Debug|Any CPU.Build.0 = Debug|Any CPU
		{CFFEA5F4-2374-4336-956B-F6EDB9E2FBF1}.Debug|x64.ActiveCfg = Debug|Any CPU
		{CFFEA5F4-2374-4336-956B-F6EDB9E2FBF1}.Debug|x64.Build.0 = Debug|Any CPU
		{CFFEA5F4-2374-4336-956B-F6EDB9E2FBF1}.Debug|x86.ActiveCfg = Debug|x86
		{CFFEA5F4-2374-4336-956B-F6EDB9E2FBF1}.Debug|x86.Build.0 = Debug|x86
		{CFFEA5F4-2374-4336-956B-F6EDB9E2FBF1}.Release.x64|Any CPU.ActiveCfg = Release.x64|Any CPU
		{CFFEA5F4-2374-4336-956B-F6EDB9E2FBF1}.Release.x64|Any CPU.Build.0 = Release.x64|Any CPU
		{CFFEA5F4-2374-4336-956B-F6EDB9E2FBF1}.Release.x64|x64.ActiveCfg = Release.x64|Any CPU
		{CFFEA5F4-2374-4336-956B-F6EDB9E2FBF1}.Release.x64|x64.Build.0 = Release.x64|Any CPU
		{CFFEA5F4-2374-4336-956B-F6EDB9E2FBF1}.Release.x64|x86.ActiveCfg = Release.x64|x86
		{CFFEA5F4-2374-4336-956B-F6EDB9E2FBF1}.Release.x64|x86.Build.0 = Release.x64|x86
		{CFFEA5F4-2374-4336-956B-F6EDB9E2FBF1}.Release.x86|Any CPU.ActiveCfg = Release.x86|Any CPU
		{CFFEA5F4-2374-4336-956B-F6EDB9E2FBF1}.Release.x86|Any CPU.Build.0 = Release.x86|Any CPU
		{CFFEA5F4-2374-4336-956B-F6EDB9E2FBF1}.Release.x86|x64.ActiveCfg = Release.x86|Any CPU
		{CFFEA5F4-2374-4336-956B-F6EDB9E2FBF1}.Release.x86|x64.Build.0 = Release.x86|Any CPU
		{CFFEA5F4-2374-4336-956B-F6EDB9E2FBF1}.Release.x86|x86.ActiveCfg = Release.x86|x86
		{CFFEA5F4-2374-4336-956B-F6EDB9E2FBF1}.Release.x86|x86.Build.0 = Release.x86|x86
		{CFFEA5F4-2374-4336-956B-F6EDB9E2FBF1}.Release|Any CPU.ActiveCfg = Release|Any CPU
		{CFFEA5F4-2374-4336-956B-F6EDB9E2FBF1}.Release|Any CPU.Build.0 = Release|Any CPU
		{CFFEA5F4-2374-4336-956B-F6EDB9E2FBF1}.Release|x64.ActiveCfg = Release|Any CPU
		{CFFEA5F4-2374-4336-956B-F6EDB9E2FBF1}.Release|x64.Build.0 = Release|Any CPU
		{CFFEA5F4-2374-4336-956B-F6EDB9E2FBF1}.Release|x86.ActiveCfg = Release|x86
		{CFFEA5F4-2374-4336-956B-F6EDB9E2FBF1}.Release|x86.Build.0 = Release|x86
		{8E028A84-E9AC-449D-B2A3-0D76ADDE48E6}.Debug|Any CPU.ActiveCfg = Debug|Any CPU
		{8E028A84-E9AC-449D-B2A3-0D76ADDE48E6}.Debug|Any CPU.Build.0 = Debug|Any CPU
		{8E028A84-E9AC-449D-B2A3-0D76ADDE48E6}.Debug|x64.ActiveCfg = Debug|Any CPU
		{8E028A84-E9AC-449D-B2A3-0D76ADDE48E6}.Debug|x64.Build.0 = Debug|Any CPU
		{8E028A84-E9AC-449D-B2A3-0D76ADDE48E6}.Debug|x86.ActiveCfg = Debug|Any CPU
		{8E028A84-E9AC-449D-B2A3-0D76ADDE48E6}.Debug|x86.Build.0 = Debug|Any CPU
		{8E028A84-E9AC-449D-B2A3-0D76ADDE48E6}.Release.x64|Any CPU.ActiveCfg = Release|Any CPU
		{8E028A84-E9AC-449D-B2A3-0D76ADDE48E6}.Release.x64|Any CPU.Build.0 = Release|Any CPU
		{8E028A84-E9AC-449D-B2A3-0D76ADDE48E6}.Release.x64|x64.ActiveCfg = Release|Any CPU
		{8E028A84-E9AC-449D-B2A3-0D76ADDE48E6}.Release.x64|x64.Build.0 = Release|Any CPU
		{8E028A84-E9AC-449D-B2A3-0D76ADDE48E6}.Release.x64|x86.ActiveCfg = Release|Any CPU
		{8E028A84-E9AC-449D-B2A3-0D76ADDE48E6}.Release.x64|x86.Build.0 = Release|Any CPU
		{8E028A84-E9AC-449D-B2A3-0D76ADDE48E6}.Release.x86|Any CPU.ActiveCfg = Release|Any CPU
		{8E028A84-E9AC-449D-B2A3-0D76ADDE48E6}.Release.x86|Any CPU.Build.0 = Release|Any CPU
		{8E028A84-E9AC-449D-B2A3-0D76ADDE48E6}.Release.x86|x64.ActiveCfg = Release|Any CPU
		{8E028A84-E9AC-449D-B2A3-0D76ADDE48E6}.Release.x86|x64.Build.0 = Release|Any CPU
		{8E028A84-E9AC-449D-B2A3-0D76ADDE48E6}.Release.x86|x86.ActiveCfg = Release|Any CPU
		{8E028A84-E9AC-449D-B2A3-0D76ADDE48E6}.Release.x86|x86.Build.0 = Release|Any CPU
		{8E028A84-E9AC-449D-B2A3-0D76ADDE48E6}.Release|Any CPU.ActiveCfg = Release|Any CPU
		{8E028A84-E9AC-449D-B2A3-0D76ADDE48E6}.Release|Any CPU.Build.0 = Release|Any CPU
		{8E028A84-E9AC-449D-B2A3-0D76ADDE48E6}.Release|x64.ActiveCfg = Release|Any CPU
		{8E028A84-E9AC-449D-B2A3-0D76ADDE48E6}.Release|x64.Build.0 = Release|Any CPU
		{8E028A84-E9AC-449D-B2A3-0D76ADDE48E6}.Release|x86.ActiveCfg = Release|Any CPU
		{8E028A84-E9AC-449D-B2A3-0D76ADDE48E6}.Release|x86.Build.0 = Release|Any CPU
		{831859C8-234B-4C26-96E0-41256E8CDA72}.Debug|Any CPU.ActiveCfg = Debug|Any CPU
		{831859C8-234B-4C26-96E0-41256E8CDA72}.Debug|Any CPU.Build.0 = Debug|Any CPU
		{831859C8-234B-4C26-96E0-41256E8CDA72}.Debug|x64.ActiveCfg = Debug|Any CPU
		{831859C8-234B-4C26-96E0-41256E8CDA72}.Debug|x64.Build.0 = Debug|Any CPU
		{831859C8-234B-4C26-96E0-41256E8CDA72}.Debug|x86.ActiveCfg = Debug|Any CPU
		{831859C8-234B-4C26-96E0-41256E8CDA72}.Debug|x86.Build.0 = Debug|Any CPU
		{831859C8-234B-4C26-96E0-41256E8CDA72}.Release.x64|Any CPU.ActiveCfg = Release|Any CPU
		{831859C8-234B-4C26-96E0-41256E8CDA72}.Release.x64|Any CPU.Build.0 = Release|Any CPU
		{831859C8-234B-4C26-96E0-41256E8CDA72}.Release.x64|x64.ActiveCfg = Release|Any CPU
		{831859C8-234B-4C26-96E0-41256E8CDA72}.Release.x64|x64.Build.0 = Release|Any CPU
		{831859C8-234B-4C26-96E0-41256E8CDA72}.Release.x64|x86.ActiveCfg = Release|Any CPU
		{831859C8-234B-4C26-96E0-41256E8CDA72}.Release.x64|x86.Build.0 = Release|Any CPU
		{831859C8-234B-4C26-96E0-41256E8CDA72}.Release.x86|Any CPU.ActiveCfg = Release|Any CPU
		{831859C8-234B-4C26-96E0-41256E8CDA72}.Release.x86|Any CPU.Build.0 = Release|Any CPU
		{831859C8-234B-4C26-96E0-41256E8CDA72}.Release.x86|x64.ActiveCfg = Release|Any CPU
		{831859C8-234B-4C26-96E0-41256E8CDA72}.Release.x86|x64.Build.0 = Release|Any CPU
		{831859C8-234B-4C26-96E0-41256E8CDA72}.Release.x86|x86.ActiveCfg = Release|Any CPU
		{831859C8-234B-4C26-96E0-41256E8CDA72}.Release.x86|x86.Build.0 = Release|Any CPU
		{831859C8-234B-4C26-96E0-41256E8CDA72}.Release|Any CPU.ActiveCfg = Release|Any CPU
		{831859C8-234B-4C26-96E0-41256E8CDA72}.Release|Any CPU.Build.0 = Release|Any CPU
		{831859C8-234B-4C26-96E0-41256E8CDA72}.Release|x64.ActiveCfg = Release|Any CPU
		{831859C8-234B-4C26-96E0-41256E8CDA72}.Release|x64.Build.0 = Release|Any CPU
		{831859C8-234B-4C26-96E0-41256E8CDA72}.Release|x86.ActiveCfg = Release|Any CPU
		{831859C8-234B-4C26-96E0-41256E8CDA72}.Release|x86.Build.0 = Release|Any CPU
		{C3211BAC-13F0-42A7-924C-34BB0EE77914}.Debug|Any CPU.ActiveCfg = Debug|Any CPU
		{C3211BAC-13F0-42A7-924C-34BB0EE77914}.Debug|Any CPU.Build.0 = Debug|Any CPU
		{C3211BAC-13F0-42A7-924C-34BB0EE77914}.Debug|x64.ActiveCfg = Debug|Any CPU
		{C3211BAC-13F0-42A7-924C-34BB0EE77914}.Debug|x64.Build.0 = Debug|Any CPU
		{C3211BAC-13F0-42A7-924C-34BB0EE77914}.Debug|x86.ActiveCfg = Debug|Any CPU
		{C3211BAC-13F0-42A7-924C-34BB0EE77914}.Debug|x86.Build.0 = Debug|Any CPU
		{C3211BAC-13F0-42A7-924C-34BB0EE77914}.Release.x64|Any CPU.ActiveCfg = Release|Any CPU
		{C3211BAC-13F0-42A7-924C-34BB0EE77914}.Release.x64|Any CPU.Build.0 = Release|Any CPU
		{C3211BAC-13F0-42A7-924C-34BB0EE77914}.Release.x64|x64.ActiveCfg = Release|Any CPU
		{C3211BAC-13F0-42A7-924C-34BB0EE77914}.Release.x64|x64.Build.0 = Release|Any CPU
		{C3211BAC-13F0-42A7-924C-34BB0EE77914}.Release.x64|x86.ActiveCfg = Release|Any CPU
		{C3211BAC-13F0-42A7-924C-34BB0EE77914}.Release.x64|x86.Build.0 = Release|Any CPU
		{C3211BAC-13F0-42A7-924C-34BB0EE77914}.Release.x86|Any CPU.ActiveCfg = Release|Any CPU
		{C3211BAC-13F0-42A7-924C-34BB0EE77914}.Release.x86|Any CPU.Build.0 = Release|Any CPU
		{C3211BAC-13F0-42A7-924C-34BB0EE77914}.Release.x86|x64.ActiveCfg = Release|Any CPU
		{C3211BAC-13F0-42A7-924C-34BB0EE77914}.Release.x86|x64.Build.0 = Release|Any CPU
		{C3211BAC-13F0-42A7-924C-34BB0EE77914}.Release.x86|x86.ActiveCfg = Release|Any CPU
		{C3211BAC-13F0-42A7-924C-34BB0EE77914}.Release.x86|x86.Build.0 = Release|Any CPU
		{C3211BAC-13F0-42A7-924C-34BB0EE77914}.Release|Any CPU.ActiveCfg = Release|Any CPU
		{C3211BAC-13F0-42A7-924C-34BB0EE77914}.Release|Any CPU.Build.0 = Release|Any CPU
		{C3211BAC-13F0-42A7-924C-34BB0EE77914}.Release|x64.ActiveCfg = Release|Any CPU
		{C3211BAC-13F0-42A7-924C-34BB0EE77914}.Release|x64.Build.0 = Release|Any CPU
		{C3211BAC-13F0-42A7-924C-34BB0EE77914}.Release|x86.ActiveCfg = Release|Any CPU
		{C3211BAC-13F0-42A7-924C-34BB0EE77914}.Release|x86.Build.0 = Release|Any CPU
		{2DBAE28E-1239-451B-AB99-B0FE13B2FE74}.Debug|Any CPU.ActiveCfg = Debug|Any CPU
		{2DBAE28E-1239-451B-AB99-B0FE13B2FE74}.Debug|Any CPU.Build.0 = Debug|Any CPU
		{2DBAE28E-1239-451B-AB99-B0FE13B2FE74}.Debug|x64.ActiveCfg = Debug|Any CPU
		{2DBAE28E-1239-451B-AB99-B0FE13B2FE74}.Debug|x64.Build.0 = Debug|Any CPU
		{2DBAE28E-1239-451B-AB99-B0FE13B2FE74}.Debug|x86.ActiveCfg = Debug|Any CPU
		{2DBAE28E-1239-451B-AB99-B0FE13B2FE74}.Debug|x86.Build.0 = Debug|Any CPU
		{2DBAE28E-1239-451B-AB99-B0FE13B2FE74}.Release.x64|Any CPU.ActiveCfg = Release|Any CPU
		{2DBAE28E-1239-451B-AB99-B0FE13B2FE74}.Release.x64|Any CPU.Build.0 = Release|Any CPU
		{2DBAE28E-1239-451B-AB99-B0FE13B2FE74}.Release.x64|x64.ActiveCfg = Release|Any CPU
		{2DBAE28E-1239-451B-AB99-B0FE13B2FE74}.Release.x64|x64.Build.0 = Release|Any CPU
		{2DBAE28E-1239-451B-AB99-B0FE13B2FE74}.Release.x64|x86.ActiveCfg = Release|Any CPU
		{2DBAE28E-1239-451B-AB99-B0FE13B2FE74}.Release.x64|x86.Build.0 = Release|Any CPU
		{2DBAE28E-1239-451B-AB99-B0FE13B2FE74}.Release.x86|Any CPU.ActiveCfg = Release|Any CPU
		{2DBAE28E-1239-451B-AB99-B0FE13B2FE74}.Release.x86|Any CPU.Build.0 = Release|Any CPU
		{2DBAE28E-1239-451B-AB99-B0FE13B2FE74}.Release.x86|x64.ActiveCfg = Release|Any CPU
		{2DBAE28E-1239-451B-AB99-B0FE13B2FE74}.Release.x86|x64.Build.0 = Release|Any CPU
		{2DBAE28E-1239-451B-AB99-B0FE13B2FE74}.Release.x86|x86.ActiveCfg = Release|Any CPU
		{2DBAE28E-1239-451B-AB99-B0FE13B2FE74}.Release.x86|x86.Build.0 = Release|Any CPU
		{2DBAE28E-1239-451B-AB99-B0FE13B2FE74}.Release|Any CPU.ActiveCfg = Release|Any CPU
		{2DBAE28E-1239-451B-AB99-B0FE13B2FE74}.Release|Any CPU.Build.0 = Release|Any CPU
		{2DBAE28E-1239-451B-AB99-B0FE13B2FE74}.Release|x64.ActiveCfg = Release|Any CPU
		{2DBAE28E-1239-451B-AB99-B0FE13B2FE74}.Release|x64.Build.0 = Release|Any CPU
		{2DBAE28E-1239-451B-AB99-B0FE13B2FE74}.Release|x86.ActiveCfg = Release|Any CPU
		{2DBAE28E-1239-451B-AB99-B0FE13B2FE74}.Release|x86.Build.0 = Release|Any CPU
		{89AA1F08-470C-4E95-954B-8CF88B858DAC}.Debug|Any CPU.ActiveCfg = Debug|Any CPU
		{89AA1F08-470C-4E95-954B-8CF88B858DAC}.Debug|Any CPU.Build.0 = Debug|Any CPU
		{89AA1F08-470C-4E95-954B-8CF88B858DAC}.Debug|x64.ActiveCfg = Debug|Any CPU
		{89AA1F08-470C-4E95-954B-8CF88B858DAC}.Debug|x64.Build.0 = Debug|Any CPU
		{89AA1F08-470C-4E95-954B-8CF88B858DAC}.Debug|x86.ActiveCfg = Debug|Any CPU
		{89AA1F08-470C-4E95-954B-8CF88B858DAC}.Debug|x86.Build.0 = Debug|Any CPU
		{89AA1F08-470C-4E95-954B-8CF88B858DAC}.Release.x64|Any CPU.ActiveCfg = Release|Any CPU
		{89AA1F08-470C-4E95-954B-8CF88B858DAC}.Release.x64|Any CPU.Build.0 = Release|Any CPU
		{89AA1F08-470C-4E95-954B-8CF88B858DAC}.Release.x64|x64.ActiveCfg = Release|Any CPU
		{89AA1F08-470C-4E95-954B-8CF88B858DAC}.Release.x64|x64.Build.0 = Release|Any CPU
		{89AA1F08-470C-4E95-954B-8CF88B858DAC}.Release.x64|x86.ActiveCfg = Release|Any CPU
		{89AA1F08-470C-4E95-954B-8CF88B858DAC}.Release.x64|x86.Build.0 = Release|Any CPU
		{89AA1F08-470C-4E95-954B-8CF88B858DAC}.Release.x86|Any CPU.ActiveCfg = Release|Any CPU
		{89AA1F08-470C-4E95-954B-8CF88B858DAC}.Release.x86|Any CPU.Build.0 = Release|Any CPU
		{89AA1F08-470C-4E95-954B-8CF88B858DAC}.Release.x86|x64.ActiveCfg = Release|Any CPU
		{89AA1F08-470C-4E95-954B-8CF88B858DAC}.Release.x86|x64.Build.0 = Release|Any CPU
		{89AA1F08-470C-4E95-954B-8CF88B858DAC}.Release.x86|x86.ActiveCfg = Release|Any CPU
		{89AA1F08-470C-4E95-954B-8CF88B858DAC}.Release.x86|x86.Build.0 = Release|Any CPU
		{89AA1F08-470C-4E95-954B-8CF88B858DAC}.Release|Any CPU.ActiveCfg = Release|Any CPU
		{89AA1F08-470C-4E95-954B-8CF88B858DAC}.Release|Any CPU.Build.0 = Release|Any CPU
		{89AA1F08-470C-4E95-954B-8CF88B858DAC}.Release|x64.ActiveCfg = Release|Any CPU
		{89AA1F08-470C-4E95-954B-8CF88B858DAC}.Release|x64.Build.0 = Release|Any CPU
		{89AA1F08-470C-4E95-954B-8CF88B858DAC}.Release|x86.ActiveCfg = Release|Any CPU
		{89AA1F08-470C-4E95-954B-8CF88B858DAC}.Release|x86.Build.0 = Release|Any CPU
		{086196FF-2701-426B-9263-760104A64EF9}.Debug|Any CPU.ActiveCfg = Debug|Any CPU
		{086196FF-2701-426B-9263-760104A64EF9}.Debug|Any CPU.Build.0 = Debug|Any CPU
		{086196FF-2701-426B-9263-760104A64EF9}.Debug|x64.ActiveCfg = Debug|Any CPU
		{086196FF-2701-426B-9263-760104A64EF9}.Debug|x64.Build.0 = Debug|Any CPU
		{086196FF-2701-426B-9263-760104A64EF9}.Debug|x86.ActiveCfg = Debug|Any CPU
		{086196FF-2701-426B-9263-760104A64EF9}.Debug|x86.Build.0 = Debug|Any CPU
		{086196FF-2701-426B-9263-760104A64EF9}.Release.x64|Any CPU.ActiveCfg = Release|Any CPU
		{086196FF-2701-426B-9263-760104A64EF9}.Release.x64|Any CPU.Build.0 = Release|Any CPU
		{086196FF-2701-426B-9263-760104A64EF9}.Release.x64|x64.ActiveCfg = Release|Any CPU
		{086196FF-2701-426B-9263-760104A64EF9}.Release.x64|x64.Build.0 = Release|Any CPU
		{086196FF-2701-426B-9263-760104A64EF9}.Release.x64|x86.ActiveCfg = Release|Any CPU
		{086196FF-2701-426B-9263-760104A64EF9}.Release.x64|x86.Build.0 = Release|Any CPU
		{086196FF-2701-426B-9263-760104A64EF9}.Release.x86|Any CPU.ActiveCfg = Release|Any CPU
		{086196FF-2701-426B-9263-760104A64EF9}.Release.x86|Any CPU.Build.0 = Release|Any CPU
		{086196FF-2701-426B-9263-760104A64EF9}.Release.x86|x64.ActiveCfg = Release|Any CPU
		{086196FF-2701-426B-9263-760104A64EF9}.Release.x86|x64.Build.0 = Release|Any CPU
		{086196FF-2701-426B-9263-760104A64EF9}.Release.x86|x86.ActiveCfg = Release|Any CPU
		{086196FF-2701-426B-9263-760104A64EF9}.Release.x86|x86.Build.0 = Release|Any CPU
		{086196FF-2701-426B-9263-760104A64EF9}.Release|Any CPU.ActiveCfg = Release|Any CPU
		{086196FF-2701-426B-9263-760104A64EF9}.Release|Any CPU.Build.0 = Release|Any CPU
		{086196FF-2701-426B-9263-760104A64EF9}.Release|x64.ActiveCfg = Release|Any CPU
		{086196FF-2701-426B-9263-760104A64EF9}.Release|x64.Build.0 = Release|Any CPU
		{086196FF-2701-426B-9263-760104A64EF9}.Release|x86.ActiveCfg = Release|Any CPU
		{086196FF-2701-426B-9263-760104A64EF9}.Release|x86.Build.0 = Release|Any CPU
		{F3493D01-75C8-4057-8CBD-AA9B0A3FCAFF}.Debug|Any CPU.ActiveCfg = Debug|Any CPU
		{F3493D01-75C8-4057-8CBD-AA9B0A3FCAFF}.Debug|Any CPU.Build.0 = Debug|Any CPU
		{F3493D01-75C8-4057-8CBD-AA9B0A3FCAFF}.Debug|x64.ActiveCfg = Debug|Any CPU
		{F3493D01-75C8-4057-8CBD-AA9B0A3FCAFF}.Debug|x64.Build.0 = Debug|Any CPU
		{F3493D01-75C8-4057-8CBD-AA9B0A3FCAFF}.Debug|x86.ActiveCfg = Debug|Any CPU
		{F3493D01-75C8-4057-8CBD-AA9B0A3FCAFF}.Debug|x86.Build.0 = Debug|Any CPU
		{F3493D01-75C8-4057-8CBD-AA9B0A3FCAFF}.Release.x64|Any CPU.ActiveCfg = Release|Any CPU
		{F3493D01-75C8-4057-8CBD-AA9B0A3FCAFF}.Release.x64|Any CPU.Build.0 = Release|Any CPU
		{F3493D01-75C8-4057-8CBD-AA9B0A3FCAFF}.Release.x64|x64.ActiveCfg = Release|Any CPU
		{F3493D01-75C8-4057-8CBD-AA9B0A3FCAFF}.Release.x64|x64.Build.0 = Release|Any CPU
		{F3493D01-75C8-4057-8CBD-AA9B0A3FCAFF}.Release.x64|x86.ActiveCfg = Release|Any CPU
		{F3493D01-75C8-4057-8CBD-AA9B0A3FCAFF}.Release.x64|x86.Build.0 = Release|Any CPU
		{F3493D01-75C8-4057-8CBD-AA9B0A3FCAFF}.Release.x86|Any CPU.ActiveCfg = Release|Any CPU
		{F3493D01-75C8-4057-8CBD-AA9B0A3FCAFF}.Release.x86|Any CPU.Build.0 = Release|Any CPU
		{F3493D01-75C8-4057-8CBD-AA9B0A3FCAFF}.Release.x86|x64.ActiveCfg = Release|Any CPU
		{F3493D01-75C8-4057-8CBD-AA9B0A3FCAFF}.Release.x86|x64.Build.0 = Release|Any CPU
		{F3493D01-75C8-4057-8CBD-AA9B0A3FCAFF}.Release.x86|x86.ActiveCfg = Release|Any CPU
		{F3493D01-75C8-4057-8CBD-AA9B0A3FCAFF}.Release.x86|x86.Build.0 = Release|Any CPU
		{F3493D01-75C8-4057-8CBD-AA9B0A3FCAFF}.Release|Any CPU.ActiveCfg = Release|Any CPU
		{F3493D01-75C8-4057-8CBD-AA9B0A3FCAFF}.Release|Any CPU.Build.0 = Release|Any CPU
		{F3493D01-75C8-4057-8CBD-AA9B0A3FCAFF}.Release|x64.ActiveCfg = Release|Any CPU
		{F3493D01-75C8-4057-8CBD-AA9B0A3FCAFF}.Release|x64.Build.0 = Release|Any CPU
		{F3493D01-75C8-4057-8CBD-AA9B0A3FCAFF}.Release|x86.ActiveCfg = Release|Any CPU
		{F3493D01-75C8-4057-8CBD-AA9B0A3FCAFF}.Release|x86.Build.0 = Release|Any CPU
		{B163EBC7-D5B1-4120-B3DD-5F0BB9EBEB7B}.Debug|Any CPU.ActiveCfg = Debug|Any CPU
		{B163EBC7-D5B1-4120-B3DD-5F0BB9EBEB7B}.Debug|Any CPU.Build.0 = Debug|Any CPU
		{B163EBC7-D5B1-4120-B3DD-5F0BB9EBEB7B}.Debug|x64.ActiveCfg = Debug|Any CPU
		{B163EBC7-D5B1-4120-B3DD-5F0BB9EBEB7B}.Debug|x64.Build.0 = Debug|Any CPU
		{B163EBC7-D5B1-4120-B3DD-5F0BB9EBEB7B}.Debug|x86.ActiveCfg = Debug|Any CPU
		{B163EBC7-D5B1-4120-B3DD-5F0BB9EBEB7B}.Debug|x86.Build.0 = Debug|Any CPU
		{B163EBC7-D5B1-4120-B3DD-5F0BB9EBEB7B}.Release.x64|Any CPU.ActiveCfg = Release|Any CPU
		{B163EBC7-D5B1-4120-B3DD-5F0BB9EBEB7B}.Release.x64|Any CPU.Build.0 = Release|Any CPU
		{B163EBC7-D5B1-4120-B3DD-5F0BB9EBEB7B}.Release.x64|x64.ActiveCfg = Release|Any CPU
		{B163EBC7-D5B1-4120-B3DD-5F0BB9EBEB7B}.Release.x64|x64.Build.0 = Release|Any CPU
		{B163EBC7-D5B1-4120-B3DD-5F0BB9EBEB7B}.Release.x64|x86.ActiveCfg = Release|Any CPU
		{B163EBC7-D5B1-4120-B3DD-5F0BB9EBEB7B}.Release.x64|x86.Build.0 = Release|Any CPU
		{B163EBC7-D5B1-4120-B3DD-5F0BB9EBEB7B}.Release.x86|Any CPU.ActiveCfg = Release|Any CPU
		{B163EBC7-D5B1-4120-B3DD-5F0BB9EBEB7B}.Release.x86|Any CPU.Build.0 = Release|Any CPU
		{B163EBC7-D5B1-4120-B3DD-5F0BB9EBEB7B}.Release.x86|x64.ActiveCfg = Release|Any CPU
		{B163EBC7-D5B1-4120-B3DD-5F0BB9EBEB7B}.Release.x86|x64.Build.0 = Release|Any CPU
		{B163EBC7-D5B1-4120-B3DD-5F0BB9EBEB7B}.Release.x86|x86.ActiveCfg = Release|Any CPU
		{B163EBC7-D5B1-4120-B3DD-5F0BB9EBEB7B}.Release.x86|x86.Build.0 = Release|Any CPU
		{B163EBC7-D5B1-4120-B3DD-5F0BB9EBEB7B}.Release|Any CPU.ActiveCfg = Release|Any CPU
		{B163EBC7-D5B1-4120-B3DD-5F0BB9EBEB7B}.Release|Any CPU.Build.0 = Release|Any CPU
		{B163EBC7-D5B1-4120-B3DD-5F0BB9EBEB7B}.Release|x64.ActiveCfg = Release|Any CPU
		{B163EBC7-D5B1-4120-B3DD-5F0BB9EBEB7B}.Release|x64.Build.0 = Release|Any CPU
		{B163EBC7-D5B1-4120-B3DD-5F0BB9EBEB7B}.Release|x86.ActiveCfg = Release|Any CPU
		{B163EBC7-D5B1-4120-B3DD-5F0BB9EBEB7B}.Release|x86.Build.0 = Release|Any CPU
		{01F80B87-FC0E-45F4-AC53-311FFDF59494}.Debug|Any CPU.ActiveCfg = Debug|Any CPU
		{01F80B87-FC0E-45F4-AC53-311FFDF59494}.Debug|Any CPU.Build.0 = Debug|Any CPU
		{01F80B87-FC0E-45F4-AC53-311FFDF59494}.Debug|x64.ActiveCfg = Debug|Any CPU
		{01F80B87-FC0E-45F4-AC53-311FFDF59494}.Debug|x64.Build.0 = Debug|Any CPU
		{01F80B87-FC0E-45F4-AC53-311FFDF59494}.Debug|x86.ActiveCfg = Debug|Any CPU
		{01F80B87-FC0E-45F4-AC53-311FFDF59494}.Debug|x86.Build.0 = Debug|Any CPU
		{01F80B87-FC0E-45F4-AC53-311FFDF59494}.Release.x64|Any CPU.ActiveCfg = Release|Any CPU
		{01F80B87-FC0E-45F4-AC53-311FFDF59494}.Release.x64|Any CPU.Build.0 = Release|Any CPU
		{01F80B87-FC0E-45F4-AC53-311FFDF59494}.Release.x64|x64.ActiveCfg = Release|Any CPU
		{01F80B87-FC0E-45F4-AC53-311FFDF59494}.Release.x64|x64.Build.0 = Release|Any CPU
		{01F80B87-FC0E-45F4-AC53-311FFDF59494}.Release.x64|x86.ActiveCfg = Release|Any CPU
		{01F80B87-FC0E-45F4-AC53-311FFDF59494}.Release.x64|x86.Build.0 = Release|Any CPU
		{01F80B87-FC0E-45F4-AC53-311FFDF59494}.Release.x86|Any CPU.ActiveCfg = Release|Any CPU
		{01F80B87-FC0E-45F4-AC53-311FFDF59494}.Release.x86|Any CPU.Build.0 = Release|Any CPU
		{01F80B87-FC0E-45F4-AC53-311FFDF59494}.Release.x86|x64.ActiveCfg = Release|Any CPU
		{01F80B87-FC0E-45F4-AC53-311FFDF59494}.Release.x86|x64.Build.0 = Release|Any CPU
		{01F80B87-FC0E-45F4-AC53-311FFDF59494}.Release.x86|x86.ActiveCfg = Release|Any CPU
		{01F80B87-FC0E-45F4-AC53-311FFDF59494}.Release.x86|x86.Build.0 = Release|Any CPU
		{01F80B87-FC0E-45F4-AC53-311FFDF59494}.Release|Any CPU.ActiveCfg = Release|Any CPU
		{01F80B87-FC0E-45F4-AC53-311FFDF59494}.Release|Any CPU.Build.0 = Release|Any CPU
		{01F80B87-FC0E-45F4-AC53-311FFDF59494}.Release|x64.ActiveCfg = Release|Any CPU
		{01F80B87-FC0E-45F4-AC53-311FFDF59494}.Release|x64.Build.0 = Release|Any CPU
		{01F80B87-FC0E-45F4-AC53-311FFDF59494}.Release|x86.ActiveCfg = Release|Any CPU
		{01F80B87-FC0E-45F4-AC53-311FFDF59494}.Release|x86.Build.0 = Release|Any CPU
		{5BF39998-0C0E-425F-A899-2C081120E64A}.Debug|Any CPU.ActiveCfg = Debug|Any CPU
		{5BF39998-0C0E-425F-A899-2C081120E64A}.Debug|Any CPU.Build.0 = Debug|Any CPU
		{5BF39998-0C0E-425F-A899-2C081120E64A}.Debug|x64.ActiveCfg = Debug|Any CPU
		{5BF39998-0C0E-425F-A899-2C081120E64A}.Debug|x64.Build.0 = Debug|Any CPU
		{5BF39998-0C0E-425F-A899-2C081120E64A}.Debug|x86.ActiveCfg = Debug|Any CPU
		{5BF39998-0C0E-425F-A899-2C081120E64A}.Debug|x86.Build.0 = Debug|Any CPU
		{5BF39998-0C0E-425F-A899-2C081120E64A}.Release.x64|Any CPU.ActiveCfg = Release|Any CPU
		{5BF39998-0C0E-425F-A899-2C081120E64A}.Release.x64|Any CPU.Build.0 = Release|Any CPU
		{5BF39998-0C0E-425F-A899-2C081120E64A}.Release.x64|x64.ActiveCfg = Release|Any CPU
		{5BF39998-0C0E-425F-A899-2C081120E64A}.Release.x64|x64.Build.0 = Release|Any CPU
		{5BF39998-0C0E-425F-A899-2C081120E64A}.Release.x64|x86.ActiveCfg = Release|Any CPU
		{5BF39998-0C0E-425F-A899-2C081120E64A}.Release.x64|x86.Build.0 = Release|Any CPU
		{5BF39998-0C0E-425F-A899-2C081120E64A}.Release.x86|Any CPU.ActiveCfg = Release|Any CPU
		{5BF39998-0C0E-425F-A899-2C081120E64A}.Release.x86|Any CPU.Build.0 = Release|Any CPU
		{5BF39998-0C0E-425F-A899-2C081120E64A}.Release.x86|x64.ActiveCfg = Release|Any CPU
		{5BF39998-0C0E-425F-A899-2C081120E64A}.Release.x86|x64.Build.0 = Release|Any CPU
		{5BF39998-0C0E-425F-A899-2C081120E64A}.Release.x86|x86.ActiveCfg = Release|Any CPU
		{5BF39998-0C0E-425F-A899-2C081120E64A}.Release.x86|x86.Build.0 = Release|Any CPU
		{5BF39998-0C0E-425F-A899-2C081120E64A}.Release|Any CPU.ActiveCfg = Release|Any CPU
		{5BF39998-0C0E-425F-A899-2C081120E64A}.Release|Any CPU.Build.0 = Release|Any CPU
		{5BF39998-0C0E-425F-A899-2C081120E64A}.Release|x64.ActiveCfg = Release|Any CPU
		{5BF39998-0C0E-425F-A899-2C081120E64A}.Release|x64.Build.0 = Release|Any CPU
		{5BF39998-0C0E-425F-A899-2C081120E64A}.Release|x86.ActiveCfg = Release|Any CPU
		{5BF39998-0C0E-425F-A899-2C081120E64A}.Release|x86.Build.0 = Release|Any CPU
	EndGlobalSection
	GlobalSection(SolutionProperties) = preSolution
		HideSolutionNode = FALSE
	EndGlobalSection
EndGlobal
